<Solution>
  <Folder Name="/building-blocks/">
    <Project Path="building-blocks/Shared.Common/Shared.Common.csproj" />
    <Project Path="building-blocks/Shared.Contracts/Shared.Contracts.csproj" />
    <Project Path="building-blocks/Shared.Events/Shared.Events.csproj" />
    <Project Path="building-blocks/Shared.Messaging/Shared.Messaging.csproj" />
  </Folder>
  <Folder Name="/gateway/">
    <Project Path="gateway/ApiGateway/ApiGateway.csproj" />
  </Folder>
  <Folder Name="/services/">
    <Project Path="services/CropService/CropService.csproj" />
    <Project Path="services/IdentityService/IdentityService.csproj" />
    <Project Path="services/OrderService/OrderService.csproj" />
    <Project Path="services/PaymentService/PaymentService.csproj" />
    <Project Path="services/ReportingService/ReportingService.csproj" />
    <Project Path="services/ReviewService/ReviewService.csproj" />
    <Project Path="services/SubscriptionService/SubscriptionService.csproj" />
  </Folder>
</Solution>
